
Microsoft Visual Studio Solution File, Format Version 12.00
# Visual Studio Version 16
VisualStudioVersion = 16.0.30413.136
MinimumVisualStudioVersion = 10.0.40219.1
Project("{9A19103F-16F7-4668-BE54-9A1E7A4F7556}") = "Unit04LabProgram1", "Unit04LabProgram1.csproj", "{B450F7C6-F6CA-43A6-908E-CF551A99933F}"
EndProject
Project("{FAE04EC0-301F-11D3-BF4B-00C04F79EFBC}") = "Unit04LabProgram1UnitTests", "..\Unit04LabProgram1UnitTests\Unit04LabProgram1UnitTests.csproj", "{A14F576B-8D8D-4EF1-99C6-E3129B6608BD}"
EndProject
Global
	GlobalSection(SolutionConfigurationPlatforms) = preSolution
		Debug|Any CPU = Debug|Any CPU
		Release|Any CPU = Release|Any CPU
	EndGlobalSection
	GlobalSection(ProjectConfigurationPlatforms) = postSolution
		{B450F7C6-F6CA-43A6-908E-CF551A99933F}.Debug|Any CPU.ActiveCfg = Debug|Any CPU
		{B450F7C6-F6CA-43A6-908E-CF551A99933F}.Debug|Any CPU.Build.0 = Debug|Any CPU
		{B450F7C6-F6CA-43A6-908E-CF551A99933F}.Release|Any CPU.ActiveCfg = Release|Any CPU
		{B450F7C6-F6CA-43A6-908E-CF551A99933F}.Release|Any CPU.Build.0 = Release|Any CPU
		{A14F576B-8D8D-4EF1-99C6-E3129B6608BD}.Debug|Any CPU.ActiveCfg = Debug|Any CPU
		{A14F576B-8D8D-4EF1-99C6-E3129B6608BD}.Debug|Any CPU.Build.0 = Debug|Any CPU
		{A14F576B-8D8D-4EF1-99C6-E3129B6608BD}.Release|Any CPU.ActiveCfg = Release|Any CPU
		{A14F576B-8D8D-4EF1-99C6-E3129B6608BD}.Release|Any CPU.Build.0 = Release|Any CPU
	EndGlobalSection
	GlobalSection(SolutionProperties) = preSolution
		HideSolutionNode = FALSE
	EndGlobalSection
	GlobalSection(ExtensibilityGlobals) = postSolution
		SolutionGuid = {2F0BFF59-27C7-4E21-9E5B-15B884EDC3AA}
	EndGlobalSection
EndGlobal
