
Microsoft Visual Studio Solution File, Format Version 12.00
# Visual Studio Version 16
VisualStudioVersion = 16.0.30413.136
MinimumVisualStudioVersion = 10.0.40219.1
Project("{FAE04EC0-301F-11D3-BF4B-00C04F79EFBC}") = "Lab02Program1B", "Lab02Program1B.csproj", "{AD5D8F14-C36F-4ADE-BB27-962942DCA3BD}"
EndProject
Global
	GlobalSection(SolutionConfigurationPlatforms) = preSolution
		Debug|Any CPU = Debug|Any CPU
		Release|Any CPU = Release|Any CPU
	EndGlobalSection
	GlobalSection(ProjectConfigurationPlatforms) = postSolution
		{AD5D8F14-C36F-4ADE-BB27-962942DCA3BD}.Debug|Any CPU.ActiveCfg = Debug|Any CPU
		{AD5D8F14-C36F-4ADE-BB27-962942DCA3BD}.Debug|Any CPU.Build.0 = Debug|Any CPU
		{AD5D8F14-C36F-4ADE-BB27-962942DCA3BD}.Release|Any CPU.ActiveCfg = Release|Any CPU
		{AD5D8F14-C36F-4ADE-BB27-962942DCA3BD}.Release|Any CPU.Build.0 = Release|Any CPU
	EndGlobalSection
	GlobalSection(SolutionProperties) = preSolution
		HideSolutionNode = FALSE
	EndGlobalSection
	GlobalSection(ExtensibilityGlobals) = postSolution
		SolutionGuid = {8435ECCC-6565-45D4-B4B3-649C98FE357C}
	EndGlobalSection
EndGlobal
